lockfileVersion: '9.0'

settings:
  autoInstallPeers: true
  excludeLinksFromLockfile: false

importers:

  .:
    dependencies:
      '@casl/ability':
        specifier: ^6.8.1
        version: 6.8.1
    devDependencies:
      typescript:
        specifier: ^5.7.3
        version: 5.9.3

packages:

  '@casl/ability@6.8.1':
    resolution: {integrity: sha512-VX5DD1JbSP/DdewZnNwXXaCzve+0pLe14mcUj2l93CdOFAQUT/ylAptNqxf3Wc/jlsuSanAgXza4Z1Iq23dzpQ==}

  '@ucast/core@1.10.2':
    resolution: {integrity: sha512-ons5CwXZ/51wrUPfoduC+cO7AS1/wRb0ybpQJ9RrssossDxVy4t49QxWoWgfBDvVKsz9VXzBk9z0wqTdZ+Cq8g==}

  '@ucast/js@3.1.0':
    resolution: {integrity: sha512-eJ7yQeYtMK85UZjxoxBEbTWx6UMxEXKbjVyp+NlzrT5oMKV5Gpo/9bjTl3r7msaXTVC8iD9NJacqJ8yp7joX+Q==}

  '@ucast/mongo2js@1.4.1':
    resolution: {integrity: sha512-9aeg5cmqwRQnKCXHN6I17wk83Rcm487bHelaG8T4vfpWneAI469wSI3Srnbu+PuZ5znWRbnwtVq9RgPL+bN6CA==}

  '@ucast/mongo@2.4.3':
    resolution: {integrity: sha512-XcI8LclrHWP83H+7H2anGCEeDq0n+12FU2mXCTz6/Tva9/9ddK/iacvvhCyW6cijAAOILmt0tWplRyRhVyZLsA==}

  typescript@5.9.3:
    resolution: {integrity: sha512-jl1vZzPDinLr9eUt3J/t7V6FgNEw9QjvBPdysz9KfQDD41fQrC2Y4vKQdiaUpFT4bXlb1RHhLpp8wtm6M5TgSw==}
    engines: {node: '>=14.17'}
    hasBin: true

snapshots:

  '@casl/ability@6.8.1':
    dependencies:
      '@ucast/mongo2js': 1.4.1

  '@ucast/core@1.10.2': {}

  '@ucast/js@3.1.0':
    dependencies:
      '@ucast/core': 1.10.2

  '@ucast/mongo2js@1.4.1':
    dependencies:
      '@ucast/core': 1.10.2
      '@ucast/js': 3.1.0
      '@ucast/mongo': 2.4.3

  '@ucast/mongo@2.4.3':
    dependencies:
      '@ucast/core': 1.10.2

  typescript@5.9.3: {}
